
Microsoft Visual Studio Solution File, Format Version 12.00
# Visual Studio Version 16
VisualStudioVersion = 16.0.30717.126
MinimumVisualStudioVersion = 10.0.40219.1
Project("{FAE04EC0-301F-11D3-BF4B-00C04F79EFBC}") = "ASPxGridViewAdaptiveBug", "ASPxGridViewAdaptiveBug\ASPxGridViewAdaptiveBug.csproj", "{052B9B23-5588-46F9-9334-DFAB7726AD7B}"
EndProject
Global
	GlobalSection(SolutionConfigurationPlatforms) = preSolution
		Debug|Any CPU = Debug|Any CPU
		Release|Any CPU = Release|Any CPU
	EndGlobalSection
	GlobalSection(ProjectConfigurationPlatforms) = postSolution
		{052B9B23-5588-46F9-9334-DFAB7726AD7B}.Debug|Any CPU.ActiveCfg = Debug|Any CPU
		{052B9B23-5588-46F9-9334-DFAB7726AD7B}.Debug|Any CPU.Build.0 = Debug|Any CPU
		{052B9B23-5588-46F9-9334-DFAB7726AD7B}.Release|Any CPU.ActiveCfg = Release|Any CPU
		{052B9B23-5588-46F9-9334-DFAB7726AD7B}.Release|Any CPU.Build.0 = Release|Any CPU
	EndGlobalSection
	GlobalSection(SolutionProperties) = preSolution
		HideSolutionNode = FALSE
	EndGlobalSection
	GlobalSection(ExtensibilityGlobals) = postSolution
		SolutionGuid = {EA344E68-CD8A-495B-82BB-7539266EF485}
	EndGlobalSection
EndGlobal
